// !$*UTF8*$!
{
	archiveVersion = 1;
	classes = {
	};
	objectVersion = 56;
	objects = {

/* Begin PBXBuildFile section */
		27D588D92882F9DC0001D5E1 /* AppDelegate.swift in Sources */ = {isa = PBXBuildFile; fileRef = 27D588D82882F9DC0001D5E1 /* AppDelegate.swift */; };
		27D588DB2882F9DC0001D5E1 /* SceneDelegate.swift in Sources */ = {isa = PBXBuildFile; fileRef = 27D588DA2882F9DC0001D5E1 /* SceneDelegate.swift */; };
		27D588DD2882F9DC0001D5E1 /* ViewController.swift in Sources */ = {isa = PBXBuildFile; fileRef = 27D588DC2882F9DC0001D5E1 /* ViewController.swift */; };
		27D588E02882F9DC0001D5E1 /* Main.storyboard in Resources */ = {isa = PBXBuildFile; fileRef = 27D588DE2882F9DC0001D5E1 /* Main.storyboard */; };
		27D588E22882F9DE0001D5E1 /* Assets.xcassets in Resources */ = {isa = PBXBuildFile; fileRef = 27D588E12882F9DE0001D5E1 /* Assets.xcassets */; };
		27D588E52882F9DE0001D5E1 /* LaunchScreen.storyboard in Resources */ = {isa = PBXBuildFile; fileRef = 27D588E32882F9DE0001D5E1 /* LaunchScreen.storyboard */; };
		27D588F02882F9DF0001D5E1 /* BarakaTests.swift in Sources */ = {isa = PBXBuildFile; fileRef = 27D588EF2882F9DF0001D5E1 /* BarakaTests.swift */; };
		27D588FA2882F9DF0001D5E1 /* BarakaUITests.swift in Sources */ = {isa = PBXBuildFile; fileRef = 27D588F92882F9DF0001D5E1 /* BarakaUITests.swift */; };
		27D588FC2882F9DF0001D5E1 /* BarakaUITestsLaunchTests.swift in Sources */ = {isa = PBXBuildFile; fileRef = 27D588FB2882F9DF0001D5E1 /* BarakaUITestsLaunchTests.swift */; };
		27D5890D288305380001D5E1 /* SwiftCSV in Frameworks */ = {isa = PBXBuildFile; productRef = 27D5890C288305380001D5E1 /* SwiftCSV */; };
		27D58911288308120001D5E1 /* StockRepository.swift in Sources */ = {isa = PBXBuildFile; fileRef = 27D58910288308120001D5E1 /* StockRepository.swift */; };
		27D589142883082F0001D5E1 /* Stock.swift in Sources */ = {isa = PBXBuildFile; fileRef = 27D589132883082F0001D5E1 /* Stock.swift */; };
		27D58917288309E70001D5E1 /* CSVReader.swift in Sources */ = {isa = PBXBuildFile; fileRef = 27D58916288309E70001D5E1 /* CSVReader.swift */; };
		27D5891A28830B1E0001D5E1 /* Constants.swift in Sources */ = {isa = PBXBuildFile; fileRef = 27D5891928830B1E0001D5E1 /* Constants.swift */; };
		27D5891C28830DEB0001D5E1 /* Decimal+Format.swift in Sources */ = {isa = PBXBuildFile; fileRef = 27D5891B28830DEB0001D5E1 /* Decimal+Format.swift */; };
		27D589202883103D0001D5E1 /* PriceFormatterTests.swift in Sources */ = {isa = PBXBuildFile; fileRef = 27D5891F2883103D0001D5E1 /* PriceFormatterTests.swift */; };
		27D58923288317B00001D5E1 /* StockRepositoryTests.swift in Sources */ = {isa = PBXBuildFile; fileRef = 27D58922288317B00001D5E1 /* StockRepositoryTests.swift */; };
		27D58926288317E20001D5E1 /* CSVReaderMock.swift in Sources */ = {isa = PBXBuildFile; fileRef = 27D58925288317E10001D5E1 /* CSVReaderMock.swift */; };
		27D5892A2883B7F30001D5E1 /* NetworkClient.swift in Sources */ = {isa = PBXBuildFile; fileRef = 27D589292883B7F30001D5E1 /* NetworkClient.swift */; };
		27D5892C2883B8560001D5E1 /* NewsResponse.swift in Sources */ = {isa = PBXBuildFile; fileRef = 27D5892B2883B8560001D5E1 /* NewsResponse.swift */; };
		27D5892F2883BCDE0001D5E1 /* NewsRepository.swift in Sources */ = {isa = PBXBuildFile; fileRef = 27D5892E2883BCDE0001D5E1 /* NewsRepository.swift */; };
/* End PBXBuildFile section */

/* Begin PBXContainerItemProxy section */
		27D588EC2882F9DF0001D5E1 /* PBXContainerItemProxy */ = {
			isa = PBXContainerItemProxy;
			containerPortal = 27D588CD2882F9DC0001D5E1 /* Project object */;
			proxyType = 1;
			remoteGlobalIDString = 27D588D42882F9DC0001D5E1;
			remoteInfo = Baraka;
		};
		27D588F62882F9DF0001D5E1 /* PBXContainerItemProxy */ = {
			isa = PBXContainerItemProxy;
			containerPortal = 27D588CD2882F9DC0001D5E1 /* Project object */;
			proxyType = 1;
			remoteGlobalIDString = 27D588D42882F9DC0001D5E1;
			remoteInfo = Baraka;
		};
/* End PBXContainerItemProxy section */

/* Begin PBXFileReference section */
		27D588D52882F9DC0001D5E1 /* Baraka.app */ = {isa = PBXFileReference; explicitFileType = wrapper.application; includeInIndex = 0; path = Baraka.app; sourceTree = BUILT_PRODUCTS_DIR; };
		27D588D82882F9DC0001D5E1 /* AppDelegate.swift */ = {isa = PBXFileReference; lastKnownFileType = sourcecode.swift; path = AppDelegate.swift; sourceTree = "<group>"; };
		27D588DA2882F9DC0001D5E1 /* SceneDelegate.swift */ = {isa = PBXFileReference; lastKnownFileType = sourcecode.swift; path = SceneDelegate.swift; sourceTree = "<group>"; };
		27D588DC2882F9DC0001D5E1 /* ViewController.swift */ = {isa = PBXFileReference; lastKnownFileType = sourcecode.swift; path = ViewController.swift; sourceTree = "<group>"; };
		27D588DF2882F9DC0001D5E1 /* Base */ = {isa = PBXFileReference; lastKnownFileType = file.storyboard; name = Base; path = Base.lproj/Main.storyboard; sourceTree = "<group>"; };
		27D588E12882F9DE0001D5E1 /* Assets.xcassets */ = {isa = PBXFileReference; lastKnownFileType = folder.assetcatalog; path = Assets.xcassets; sourceTree = "<group>"; };
		27D588E42882F9DE0001D5E1 /* Base */ = {isa = PBXFileReference; lastKnownFileType = file.storyboard; name = Base; path = Base.lproj/LaunchScreen.storyboard; sourceTree = "<group>"; };
		27D588E62882F9DE0001D5E1 /* Info.plist */ = {isa = PBXFileReference; lastKnownFileType = text.plist.xml; path = Info.plist; sourceTree = "<group>"; };
		27D588EB2882F9DF0001D5E1 /* BarakaTests.xctest */ = {isa = PBXFileReference; explicitFileType = wrapper.cfbundle; includeInIndex = 0; path = BarakaTests.xctest; sourceTree = BUILT_PRODUCTS_DIR; };
		27D588EF2882F9DF0001D5E1 /* BarakaTests.swift */ = {isa = PBXFileReference; lastKnownFileType = sourcecode.swift; path = BarakaTests.swift; sourceTree = "<group>"; };
		27D588F52882F9DF0001D5E1 /* BarakaUITests.xctest */ = {isa = PBXFileReference; explicitFileType = wrapper.cfbundle; includeInIndex = 0; path = BarakaUITests.xctest; sourceTree = BUILT_PRODUCTS_DIR; };
		27D588F92882F9DF0001D5E1 /* BarakaUITests.swift */ = {isa = PBXFileReference; lastKnownFileType = sourcecode.swift; path = BarakaUITests.swift; sourceTree = "<group>"; };
		27D588FB2882F9DF0001D5E1 /* BarakaUITestsLaunchTests.swift */ = {isa = PBXFileReference; lastKnownFileType = sourcecode.swift; path = BarakaUITestsLaunchTests.swift; sourceTree = "<group>"; };
		27D58910288308120001D5E1 /* StockRepository.swift */ = {isa = PBXFileReference; lastKnownFileType = sourcecode.swift; path = StockRepository.swift; sourceTree = "<group>"; };
		27D589132883082F0001D5E1 /* Stock.swift */ = {isa = PBXFileReference; lastKnownFileType = sourcecode.swift; path = Stock.swift; sourceTree = "<group>"; };
		27D58916288309E70001D5E1 /* CSVReader.swift */ = {isa = PBXFileReference; lastKnownFileType = sourcecode.swift; path = CSVReader.swift; sourceTree = "<group>"; };
		27D5891928830B1E0001D5E1 /* Constants.swift */ = {isa = PBXFileReference; lastKnownFileType = sourcecode.swift; path = Constants.swift; sourceTree = "<group>"; };
		27D5891B28830DEB0001D5E1 /* Decimal+Format.swift */ = {isa = PBXFileReference; lastKnownFileType = sourcecode.swift; path = "Decimal+Format.swift"; sourceTree = "<group>"; };
		27D5891F2883103D0001D5E1 /* PriceFormatterTests.swift */ = {isa = PBXFileReference; lastKnownFileType = sourcecode.swift; path = PriceFormatterTests.swift; sourceTree = "<group>"; };
		27D58922288317B00001D5E1 /* StockRepositoryTests.swift */ = {isa = PBXFileReference; lastKnownFileType = sourcecode.swift; path = StockRepositoryTests.swift; sourceTree = "<group>"; };
		27D58925288317E10001D5E1 /* CSVReaderMock.swift */ = {isa = PBXFileReference; lastKnownFileType = sourcecode.swift; path = CSVReaderMock.swift; sourceTree = "<group>"; };
		27D589292883B7F30001D5E1 /* NetworkClient.swift */ = {isa = PBXFileReference; lastKnownFileType = sourcecode.swift; path = NetworkClient.swift; sourceTree = "<group>"; };
		27D5892B2883B8560001D5E1 /* NewsResponse.swift */ = {isa = PBXFileReference; lastKnownFileType = sourcecode.swift; path = NewsResponse.swift; sourceTree = "<group>"; };
		27D5892E2883BCDE0001D5E1 /* NewsRepository.swift */ = {isa = PBXFileReference; lastKnownFileType = sourcecode.swift; path = NewsRepository.swift; sourceTree = "<group>"; };
/* End PBXFileReference section */

/* Begin PBXFrameworksBuildPhase section */
		27D588D22882F9DC0001D5E1 /* Frameworks */ = {
			isa = PBXFrameworksBuildPhase;
			buildActionMask = 2147483647;
			files = (
				27D5890D288305380001D5E1 /* SwiftCSV in Frameworks */,
			);
			runOnlyForDeploymentPostprocessing = 0;
		};
		27D588E82882F9DF0001D5E1 /* Frameworks */ = {
			isa = PBXFrameworksBuildPhase;
			buildActionMask = 2147483647;
			files = (
			);
			runOnlyForDeploymentPostprocessing = 0;
		};
		27D588F22882F9DF0001D5E1 /* Frameworks */ = {
			isa = PBXFrameworksBuildPhase;
			buildActionMask = 2147483647;
			files = (
			);
			runOnlyForDeploymentPostprocessing = 0;
		};
/* End PBXFrameworksBuildPhase section */

/* Begin PBXGroup section */
		27D588CC2882F9DC0001D5E1 = {
			isa = PBXGroup;
			children = (
				27D588D72882F9DC0001D5E1 /* Baraka */,
				27D588EE2882F9DF0001D5E1 /* BarakaTests */,
				27D588F82882F9DF0001D5E1 /* BarakaUITests */,
				27D588D62882F9DC0001D5E1 /* Products */,
			);
			sourceTree = "<group>";
		};
		27D588D62882F9DC0001D5E1 /* Products */ = {
			isa = PBXGroup;
			children = (
				27D588D52882F9DC0001D5E1 /* Baraka.app */,
				27D588EB2882F9DF0001D5E1 /* BarakaTests.xctest */,
				27D588F52882F9DF0001D5E1 /* BarakaUITests.xctest */,
			);
			name = Products;
			sourceTree = "<group>";
		};
		27D588D72882F9DC0001D5E1 /* Baraka */ = {
			isa = PBXGroup;
			children = (
				27D589282883B7B50001D5E1 /* Network */,
				27D5891D28830F9A0001D5E1 /* Extensions */,
				27D5891828830B0A0001D5E1 /* Constants */,
				27D58915288309D90001D5E1 /* Helpers */,
				27D58912288308270001D5E1 /* Models */,
				27D5890E288307F00001D5E1 /* Repositories */,
				27D5890A2882FAE50001D5E1 /* Storyboards */,
				27D589092882FAD80001D5E1 /* ViewControllers */,
				27D589082882FACB0001D5E1 /* Support */,
				27D588E62882F9DE0001D5E1 /* Info.plist */,
			);
			path = Baraka;
			sourceTree = "<group>";
		};
		27D588EE2882F9DF0001D5E1 /* BarakaTests */ = {
			isa = PBXGroup;
			children = (
				27D58924288317CB0001D5E1 /* Mocks */,
				27D58921288317930001D5E1 /* StocksRepository */,
				27D5891E288310190001D5E1 /* Formatter */,
				27D588EF2882F9DF0001D5E1 /* BarakaTests.swift */,
			);
			path = BarakaTests;
			sourceTree = "<group>";
		};
		27D588F82882F9DF0001D5E1 /* BarakaUITests */ = {
			isa = PBXGroup;
			children = (
				27D588F92882F9DF0001D5E1 /* BarakaUITests.swift */,
				27D588FB2882F9DF0001D5E1 /* BarakaUITestsLaunchTests.swift */,
			);
			path = BarakaUITests;
			sourceTree = "<group>";
		};
		27D589082882FACB0001D5E1 /* Support */ = {
			isa = PBXGroup;
			children = (
				27D588D82882F9DC0001D5E1 /* AppDelegate.swift */,
				27D588DA2882F9DC0001D5E1 /* SceneDelegate.swift */,
				27D588E12882F9DE0001D5E1 /* Assets.xcassets */,
				27D588E32882F9DE0001D5E1 /* LaunchScreen.storyboard */,
			);
			path = Support;
			sourceTree = "<group>";
		};
		27D589092882FAD80001D5E1 /* ViewControllers */ = {
			isa = PBXGroup;
			children = (
				27D588DC2882F9DC0001D5E1 /* ViewController.swift */,
			);
			path = ViewControllers;
			sourceTree = "<group>";
		};
		27D5890A2882FAE50001D5E1 /* Storyboards */ = {
			isa = PBXGroup;
			children = (
				27D588DE2882F9DC0001D5E1 /* Main.storyboard */,
			);
			path = Storyboards;
			sourceTree = "<group>";
		};
		27D5890E288307F00001D5E1 /* Repositories */ = {
			isa = PBXGroup;
			children = (
				27D5892D2883BCD20001D5E1 /* News */,
				27D5890F288307FC0001D5E1 /* Stock */,
			);
			path = Repositories;
			sourceTree = "<group>";
		};
		27D5890F288307FC0001D5E1 /* Stock */ = {
			isa = PBXGroup;
			children = (
				27D58910288308120001D5E1 /* StockRepository.swift */,
			);
			path = Stock;
			sourceTree = "<group>";
		};
		27D58912288308270001D5E1 /* Models */ = {
			isa = PBXGroup;
			children = (
				27D589132883082F0001D5E1 /* Stock.swift */,
				27D5892B2883B8560001D5E1 /* NewsResponse.swift */,
			);
			path = Models;
			sourceTree = "<group>";
		};
		27D58915288309D90001D5E1 /* Helpers */ = {
			isa = PBXGroup;
			children = (
				27D58916288309E70001D5E1 /* CSVReader.swift */,
			);
			path = Helpers;
			sourceTree = "<group>";
		};
		27D5891828830B0A0001D5E1 /* Constants */ = {
			isa = PBXGroup;
			children = (
				27D5891928830B1E0001D5E1 /* Constants.swift */,
			);
			path = Constants;
			sourceTree = "<group>";
		};
		27D5891D28830F9A0001D5E1 /* Extensions */ = {
			isa = PBXGroup;
			children = (
				27D5891B28830DEB0001D5E1 /* Decimal+Format.swift */,
			);
			path = Extensions;
			sourceTree = "<group>";
		};
		27D5891E288310190001D5E1 /* Formatter */ = {
			isa = PBXGroup;
			children = (
				27D5891F2883103D0001D5E1 /* PriceFormatterTests.swift */,
			);
			path = Formatter;
			sourceTree = "<group>";
		};
		27D58921288317930001D5E1 /* StocksRepository */ = {
			isa = PBXGroup;
			children = (
				27D58922288317B00001D5E1 /* StockRepositoryTests.swift */,
			);
			path = StocksRepository;
			sourceTree = "<group>";
		};
		27D58924288317CB0001D5E1 /* Mocks */ = {
			isa = PBXGroup;
			children = (
				27D58925288317E10001D5E1 /* CSVReaderMock.swift */,
			);
			path = Mocks;
			sourceTree = "<group>";
		};
		27D589282883B7B50001D5E1 /* Network */ = {
			isa = PBXGroup;
			children = (
				27D589292883B7F30001D5E1 /* NetworkClient.swift */,
			);
			path = Network;
			sourceTree = "<group>";
		};
		27D5892D2883BCD20001D5E1 /* News */ = {
			isa = PBXGroup;
			children = (
				27D5892E2883BCDE0001D5E1 /* NewsRepository.swift */,
			);
			path = News;
			sourceTree = "<group>";
		};
/* End PBXGroup section */

/* Begin PBXNativeTarget section */
		27D588D42882F9DC0001D5E1 /* Baraka */ = {
			isa = PBXNativeTarget;
			buildConfigurationList = 27D588FF2882F9DF0001D5E1 /* Build configuration list for PBXNativeTarget "Baraka" */;
			buildPhases = (
				27D588D12882F9DC0001D5E1 /* Sources */,
				27D588D22882F9DC0001D5E1 /* Frameworks */,
				27D588D32882F9DC0001D5E1 /* Resources */,
			);
			buildRules = (
			);
			dependencies = (
			);
			name = Baraka;
			packageProductDependencies = (
				27D5890C288305380001D5E1 /* SwiftCSV */,
			);
			productName = Baraka;
			productReference = 27D588D52882F9DC0001D5E1 /* Baraka.app */;
			productType = "com.apple.product-type.application";
		};
		27D588EA2882F9DF0001D5E1 /* BarakaTests */ = {
			isa = PBXNativeTarget;
			buildConfigurationList = 27D589022882F9DF0001D5E1 /* Build configuration list for PBXNativeTarget "BarakaTests" */;
			buildPhases = (
				27D588E72882F9DF0001D5E1 /* Sources */,
				27D588E82882F9DF0001D5E1 /* Frameworks */,
				27D588E92882F9DF0001D5E1 /* Resources */,
			);
			buildRules = (
			);
			dependencies = (
				27D588ED2882F9DF0001D5E1 /* PBXTargetDependency */,
			);
			name = BarakaTests;
			productName = BarakaTests;
			productReference = 27D588EB2882F9DF0001D5E1 /* BarakaTests.xctest */;
			productType = "com.apple.product-type.bundle.unit-test";
		};
		27D588F42882F9DF0001D5E1 /* BarakaUITests */ = {
			isa = PBXNativeTarget;
			buildConfigurationList = 27D589052882F9DF0001D5E1 /* Build configuration list for PBXNativeTarget "BarakaUITests" */;
			buildPhases = (
				27D588F12882F9DF0001D5E1 /* Sources */,
				27D588F22882F9DF0001D5E1 /* Frameworks */,
				27D588F32882F9DF0001D5E1 /* Resources */,
			);
			buildRules = (
			);
			dependencies = (
				27D588F72882F9DF0001D5E1 /* PBXTargetDependency */,
			);
			name = BarakaUITests;
			productName = BarakaUITests;
			productReference = 27D588F52882F9DF0001D5E1 /* BarakaUITests.xctest */;
			productType = "com.apple.product-type.bundle.ui-testing";
		};
/* End PBXNativeTarget section */

/* Begin PBXProject section */
		27D588CD2882F9DC0001D5E1 /* Project object */ = {
			isa = PBXProject;
			attributes = {
				BuildIndependentTargetsInParallel = 1;
				LastSwiftUpdateCheck = 1400;
				LastUpgradeCheck = 1400;
				TargetAttributes = {
					27D588D42882F9DC0001D5E1 = {
						CreatedOnToolsVersion = 14.0;
					};
					27D588EA2882F9DF0001D5E1 = {
						CreatedOnToolsVersion = 14.0;
						TestTargetID = 27D588D42882F9DC0001D5E1;
					};
					27D588F42882F9DF0001D5E1 = {
						CreatedOnToolsVersion = 14.0;
						TestTargetID = 27D588D42882F9DC0001D5E1;
					};
				};
			};
			buildConfigurationList = 27D588D02882F9DC0001D5E1 /* Build configuration list for PBXProject "Baraka" */;
			compatibilityVersion = "Xcode 14.0";
			developmentRegion = en;
			hasScannedForEncodings = 0;
			knownRegions = (
				en,
				Base,
			);
			mainGroup = 27D588CC2882F9DC0001D5E1;
			packageReferences = (
				27D5890B288305380001D5E1 /* XCRemoteSwiftPackageReference "SwiftCSV" */,
			);
			productRefGroup = 27D588D62882F9DC0001D5E1 /* Products */;
			projectDirPath = "";
			projectRoot = "";
			targets = (
				27D588D42882F9DC0001D5E1 /* Baraka */,
				27D588EA2882F9DF0001D5E1 /* BarakaTests */,
				27D588F42882F9DF0001D5E1 /* BarakaUITests */,
			);
		};
/* End PBXProject section */

/* Begin PBXResourcesBuildPhase section */
		27D588D32882F9DC0001D5E1 /* Resources */ = {
			isa = PBXResourcesBuildPhase;
			buildActionMask = 2147483647;
			files = (
				27D588E52882F9DE0001D5E1 /* LaunchScreen.storyboard in Resources */,
				27D588E22882F9DE0001D5E1 /* Assets.xcassets in Resources */,
				27D588E02882F9DC0001D5E1 /* Main.storyboard in Resources */,
			);
			runOnlyForDeploymentPostprocessing = 0;
		};
		27D588E92882F9DF0001D5E1 /* Resources */ = {
			isa = PBXResourcesBuildPhase;
			buildActionMask = 2147483647;
			files = (
			);
			runOnlyForDeploymentPostprocessing = 0;
		};
		27D588F32882F9DF0001D5E1 /* Resources */ = {
			isa = PBXResourcesBuildPhase;
			buildActionMask = 2147483647;
			files = (
			);
			runOnlyForDeploymentPostprocessing = 0;
		};
/* End PBXResourcesBuildPhase section */

/* Begin PBXSourcesBuildPhase section */
		27D588D12882F9DC0001D5E1 /* Sources */ = {
			isa = PBXSourcesBuildPhase;
			buildActionMask = 2147483647;
			files = (
				27D588DD2882F9DC0001D5E1 /* ViewController.swift in Sources */,
				27D5892C2883B8560001D5E1 /* NewsResponse.swift in Sources */,
				27D588D92882F9DC0001D5E1 /* AppDelegate.swift in Sources */,
				27D588DB2882F9DC0001D5E1 /* SceneDelegate.swift in Sources */,
				27D589142883082F0001D5E1 /* Stock.swift in Sources */,
				27D5891A28830B1E0001D5E1 /* Constants.swift in Sources */,
				27D5892A2883B7F30001D5E1 /* NetworkClient.swift in Sources */,
				27D58911288308120001D5E1 /* StockRepository.swift in Sources */,
				27D5891C28830DEB0001D5E1 /* Decimal+Format.swift in Sources */,
				27D5892F2883BCDE0001D5E1 /* NewsRepository.swift in Sources */,
				27D58917288309E70001D5E1 /* CSVReader.swift in Sources */,
			);
			runOnlyForDeploymentPostprocessing = 0;
		};
		27D588E72882F9DF0001D5E1 /* Sources */ = {
			isa = PBXSourcesBuildPhase;
			buildActionMask = 2147483647;
			files = (
				27D589202883103D0001D5E1 /* PriceFormatterTests.swift in Sources */,
				27D58923288317B00001D5E1 /* StockRepositoryTests.swift in Sources */,
				27D588F02882F9DF0001D5E1 /* BarakaTests.swift in Sources */,
				27D58926288317E20001D5E1 /* CSVReaderMock.swift in Sources */,
			);
			runOnlyForDeploymentPostprocessing = 0;
		};
		27D588F12882F9DF0001D5E1 /* Sources */ = {
			isa = PBXSourcesBuildPhase;
			buildActionMask = 2147483647;
			files = (
				27D588FC2882F9DF0001D5E1 /* BarakaUITestsLaunchTests.swift in Sources */,
				27D588FA2882F9DF0001D5E1 /* BarakaUITests.swift in Sources */,
			);
			runOnlyForDeploymentPostprocessing = 0;
		};
/* End PBXSourcesBuildPhase section */

/* Begin PBXTargetDependency section */
		27D588ED2882F9DF0001D5E1 /* PBXTargetDependency */ = {
			isa = PBXTargetDependency;
			target = 27D588D42882F9DC0001D5E1 /* Baraka */;
			targetProxy = 27D588EC2882F9DF0001D5E1 /* PBXContainerItemProxy */;
		};
		27D588F72882F9DF0001D5E1 /* PBXTargetDependency */ = {
			isa = PBXTargetDependency;
			target = 27D588D42882F9DC0001D5E1 /* Baraka */;
			targetProxy = 27D588F62882F9DF0001D5E1 /* PBXContainerItemProxy */;
		};
/* End PBXTargetDependency section */

/* Begin PBXVariantGroup section */
		27D588DE2882F9DC0001D5E1 /* Main.storyboard */ = {
			isa = PBXVariantGroup;
			children = (
				27D588DF2882F9DC0001D5E1 /* Base */,
			);
			name = Main.storyboard;
			sourceTree = "<group>";
		};
		27D588E32882F9DE0001D5E1 /* LaunchScreen.storyboard */ = {
			isa = PBXVariantGroup;
			children = (
				27D588E42882F9DE0001D5E1 /* Base */,
			);
			name = LaunchScreen.storyboard;
			sourceTree = "<group>";
		};
/* End PBXVariantGroup section */

/* Begin XCBuildConfiguration section */
		27D588FD2882F9DF0001D5E1 /* Debug */ = {
			isa = XCBuildConfiguration;
			buildSettings = {
				ALWAYS_SEARCH_USER_PATHS = NO;
				CLANG_ANALYZER_NONNULL = YES;
				CLANG_ANALYZER_NUMBER_OBJECT_CONVERSION = YES_AGGRESSIVE;
				CLANG_CXX_LANGUAGE_STANDARD = "gnu++20";
				CLANG_ENABLE_MODULES = YES;
				CLANG_ENABLE_OBJC_ARC = YES;
				CLANG_ENABLE_OBJC_WEAK = YES;
				CLANG_WARN_BLOCK_CAPTURE_AUTORELEASING = YES;
				CLANG_WARN_BOOL_CONVERSION = YES;
				CLANG_WARN_COMMA = YES;
				CLANG_WARN_CONSTANT_CONVERSION = YES;
				CLANG_WARN_DEPRECATED_OBJC_IMPLEMENTATIONS = YES;
				CLANG_WARN_DIRECT_OBJC_ISA_USAGE = YES_ERROR;
				CLANG_WARN_DOCUMENTATION_COMMENTS = YES;
				CLANG_WARN_EMPTY_BODY = YES;
				CLANG_WARN_ENUM_CONVERSION = YES;
				CLANG_WARN_INFINITE_RECURSION = YES;
				CLANG_WARN_INT_CONVERSION = YES;
				CLANG_WARN_NON_LITERAL_NULL_CONVERSION = YES;
				CLANG_WARN_OBJC_IMPLICIT_RETAIN_SELF = YES;
				CLANG_WARN_OBJC_LITERAL_CONVERSION = YES;
				CLANG_WARN_OBJC_ROOT_CLASS = YES_ERROR;
				CLANG_WARN_QUOTED_INCLUDE_IN_FRAMEWORK_HEADER = YES;
				CLANG_WARN_RANGE_LOOP_ANALYSIS = YES;
				CLANG_WARN_STRICT_PROTOTYPES = YES;
				CLANG_WARN_SUSPICIOUS_MOVE = YES;
				CLANG_WARN_UNGUARDED_AVAILABILITY = YES_AGGRESSIVE;
				CLANG_WARN_UNREACHABLE_CODE = YES;
				CLANG_WARN__DUPLICATE_METHOD_MATCH = YES;
				COPY_PHASE_STRIP = NO;
				DEBUG_INFORMATION_FORMAT = dwarf;
				ENABLE_STRICT_OBJC_MSGSEND = YES;
				ENABLE_TESTABILITY = YES;
				GCC_C_LANGUAGE_STANDARD = gnu11;
				GCC_DYNAMIC_NO_PIC = NO;
				GCC_NO_COMMON_BLOCKS = YES;
				GCC_OPTIMIZATION_LEVEL = 0;
				GCC_PREPROCESSOR_DEFINITIONS = (
					"DEBUG=1",
					"$(inherited)",
				);
				GCC_WARN_64_TO_32_BIT_CONVERSION = YES;
				GCC_WARN_ABOUT_RETURN_TYPE = YES_ERROR;
				GCC_WARN_UNDECLARED_SELECTOR = YES;
				GCC_WARN_UNINITIALIZED_AUTOS = YES_AGGRESSIVE;
				GCC_WARN_UNUSED_FUNCTION = YES;
				GCC_WARN_UNUSED_VARIABLE = YES;
				IPHONEOS_DEPLOYMENT_TARGET = 16.0;
				MTL_ENABLE_DEBUG_INFO = INCLUDE_SOURCE;
				MTL_FAST_MATH = YES;
				ONLY_ACTIVE_ARCH = YES;
				SDKROOT = iphoneos;
				SWIFT_ACTIVE_COMPILATION_CONDITIONS = DEBUG;
				SWIFT_OPTIMIZATION_LEVEL = "-Onone";
			};
			name = Debug;
		};
		27D588FE2882F9DF0001D5E1 /* Release */ = {
			isa = XCBuildConfiguration;
			buildSettings = {
				ALWAYS_SEARCH_USER_PATHS = NO;
				CLANG_ANALYZER_NONNULL = YES;
				CLANG_ANALYZER_NUMBER_OBJECT_CONVERSION = YES_AGGRESSIVE;
				CLANG_CXX_LANGUAGE_STANDARD = "gnu++20";
				CLANG_ENABLE_MODULES = YES;
				CLANG_ENABLE_OBJC_ARC = YES;
				CLANG_ENABLE_OBJC_WEAK = YES;
				CLANG_WARN_BLOCK_CAPTURE_AUTORELEASING = YES;
				CLANG_WARN_BOOL_CONVERSION = YES;
				CLANG_WARN_COMMA = YES;
				CLANG_WARN_CONSTANT_CONVERSION = YES;
				CLANG_WARN_DEPRECATED_OBJC_IMPLEMENTATIONS = YES;
				CLANG_WARN_DIRECT_OBJC_ISA_USAGE = YES_ERROR;
				CLANG_WARN_DOCUMENTATION_COMMENTS = YES;
				CLANG_WARN_EMPTY_BODY = YES;
				CLANG_WARN_ENUM_CONVERSION = YES;
				CLANG_WARN_INFINITE_RECURSION = YES;
				CLANG_WARN_INT_CONVERSION = YES;
				CLANG_WARN_NON_LITERAL_NULL_CONVERSION = YES;
				CLANG_WARN_OBJC_IMPLICIT_RETAIN_SELF = YES;
				CLANG_WARN_OBJC_LITERAL_CONVERSION = YES;
				CLANG_WARN_OBJC_ROOT_CLASS = YES_ERROR;
				CLANG_WARN_QUOTED_INCLUDE_IN_FRAMEWORK_HEADER = YES;
				CLANG_WARN_RANGE_LOOP_ANALYSIS = YES;
				CLANG_WARN_STRICT_PROTOTYPES = YES;
				CLANG_WARN_SUSPICIOUS_MOVE = YES;
				CLANG_WARN_UNGUARDED_AVAILABILITY = YES_AGGRESSIVE;
				CLANG_WARN_UNREACHABLE_CODE = YES;
				CLANG_WARN__DUPLICATE_METHOD_MATCH = YES;
				COPY_PHASE_STRIP = NO;
				DEBUG_INFORMATION_FORMAT = "dwarf-with-dsym";
				ENABLE_NS_ASSERTIONS = NO;
				ENABLE_STRICT_OBJC_MSGSEND = YES;
				GCC_C_LANGUAGE_STANDARD = gnu11;
				GCC_NO_COMMON_BLOCKS = YES;
				GCC_WARN_64_TO_32_BIT_CONVERSION = YES;
				GCC_WARN_ABOUT_RETURN_TYPE = YES_ERROR;
				GCC_WARN_UNDECLARED_SELECTOR = YES;
				GCC_WARN_UNINITIALIZED_AUTOS = YES_AGGRESSIVE;
				GCC_WARN_UNUSED_FUNCTION = YES;
				GCC_WARN_UNUSED_VARIABLE = YES;
				IPHONEOS_DEPLOYMENT_TARGET = 16.0;
				MTL_ENABLE_DEBUG_INFO = NO;
				MTL_FAST_MATH = YES;
				SDKROOT = iphoneos;
				SWIFT_COMPILATION_MODE = wholemodule;
				SWIFT_OPTIMIZATION_LEVEL = "-O";
				VALIDATE_PRODUCT = YES;
			};
			name = Release;
		};
		27D589002882F9DF0001D5E1 /* Debug */ = {
			isa = XCBuildConfiguration;
			buildSettings = {
				ASSETCATALOG_COMPILER_APPICON_NAME = AppIcon;
				ASSETCATALOG_COMPILER_GLOBAL_ACCENT_COLOR_NAME = AccentColor;
				CODE_SIGN_STYLE = Automatic;
				CURRENT_PROJECT_VERSION = 1;
				GENERATE_INFOPLIST_FILE = YES;
				INFOPLIST_FILE = Baraka/Info.plist;
				INFOPLIST_KEY_UIApplicationSupportsIndirectInputEvents = YES;
				INFOPLIST_KEY_UILaunchStoryboardName = LaunchScreen;
				INFOPLIST_KEY_UIMainStoryboardFile = Main;
				INFOPLIST_KEY_UISupportedInterfaceOrientations = UIInterfaceOrientationPortrait;
				INFOPLIST_KEY_UISupportedInterfaceOrientations_iPad = "UIInterfaceOrientationLandscapeLeft UIInterfaceOrientationLandscapeRight UIInterfaceOrientationPortraitUpsideDown";
				IPHONEOS_DEPLOYMENT_TARGET = 16.0;
				LD_RUNPATH_SEARCH_PATHS = (
					"$(inherited)",
					"@executable_path/Frameworks",
				);
				MARKETING_VERSION = 1.0;
				PRODUCT_BUNDLE_IDENTIFIER = com.nouraraar.Baraka;
				PRODUCT_NAME = "$(TARGET_NAME)";
				SUPPORTED_PLATFORMS = "iphoneos iphonesimulator";
				SUPPORTS_MACCATALYST = NO;
				SUPPORTS_MAC_DESIGNED_FOR_IPHONE_IPAD = NO;
				SWIFT_EMIT_LOC_STRINGS = YES;
				SWIFT_VERSION = 5.0;
				TARGETED_DEVICE_FAMILY = 1;
			};
			name = Debug;
		};
		27D589012882F9DF0001D5E1 /* Release */ = {
			isa = XCBuildConfiguration;
			buildSettings = {
				ASSETCATALOG_COMPILER_APPICON_NAME = AppIcon;
				ASSETCATALOG_COMPILER_GLOBAL_ACCENT_COLOR_NAME = AccentColor;
				CODE_SIGN_STYLE = Automatic;
				CURRENT_PROJECT_VERSION = 1;
				GENERATE_INFOPLIST_FILE = YES;
				INFOPLIST_FILE = Baraka/Info.plist;
				INFOPLIST_KEY_UIApplicationSupportsIndirectInputEvents = YES;
				INFOPLIST_KEY_UILaunchStoryboardName = LaunchScreen;
				INFOPLIST_KEY_UIMainStoryboardFile = Main;
				INFOPLIST_KEY_UISupportedInterfaceOrientations = UIInterfaceOrientationPortrait;
				INFOPLIST_KEY_UISupportedInterfaceOrientations_iPad = "UIInterfaceOrientationLandscapeLeft UIInterfaceOrientationLandscapeRight UIInterfaceOrientationPortraitUpsideDown";
				IPHONEOS_DEPLOYMENT_TARGET = 16.0;
				LD_RUNPATH_SEARCH_PATHS = (
					"$(inherited)",
					"@executable_path/Frameworks",
				);
				MARKETING_VERSION = 1.0;
				PRODUCT_BUNDLE_IDENTIFIER = com.nouraraar.Baraka;
				PRODUCT_NAME = "$(TARGET_NAME)";
				SUPPORTED_PLATFORMS = "iphoneos iphonesimulator";
				SUPPORTS_MACCATALYST = NO;
				SUPPORTS_MAC_DESIGNED_FOR_IPHONE_IPAD = NO;
				SWIFT_EMIT_LOC_STRINGS = YES;
				SWIFT_VERSION = 5.0;
				TARGETED_DEVICE_FAMILY = 1;
			};
			name = Release;
		};
		27D589032882F9DF0001D5E1 /* Debug */ = {
			isa = XCBuildConfiguration;
			buildSettings = {
				ALWAYS_EMBED_SWIFT_STANDARD_LIBRARIES = YES;
				BUNDLE_LOADER = "$(TEST_HOST)";
				CODE_SIGN_STYLE = Automatic;
				CURRENT_PROJECT_VERSION = 1;
				GENERATE_INFOPLIST_FILE = YES;
				IPHONEOS_DEPLOYMENT_TARGET = 16.0;
				MARKETING_VERSION = 1.0;
				PRODUCT_BUNDLE_IDENTIFIER = com.nouraraar.BarakaTests;
				PRODUCT_NAME = "$(TARGET_NAME)";
				SWIFT_EMIT_LOC_STRINGS = NO;
				SWIFT_VERSION = 5.0;
				TARGETED_DEVICE_FAMILY = "1,2";
				TEST_HOST = "$(BUILT_PRODUCTS_DIR)/Baraka.app/$(BUNDLE_EXECUTABLE_FOLDER_PATH)/Baraka";
			};
			name = Debug;
		};
		27D589042882F9DF0001D5E1 /* Release */ = {
			isa = XCBuildConfiguration;
			buildSettings = {
				ALWAYS_EMBED_SWIFT_STANDARD_LIBRARIES = YES;
				BUNDLE_LOADER = "$(TEST_HOST)";
				CODE_SIGN_STYLE = Automatic;
				CURRENT_PROJECT_VERSION = 1;
				GENERATE_INFOPLIST_FILE = YES;
				IPHONEOS_DEPLOYMENT_TARGET = 16.0;
				MARKETING_VERSION = 1.0;
				PRODUCT_BUNDLE_IDENTIFIER = com.nouraraar.BarakaTests;
				PRODUCT_NAME = "$(TARGET_NAME)";
				SWIFT_EMIT_LOC_STRINGS = NO;
				SWIFT_VERSION = 5.0;
				TARGETED_DEVICE_FAMILY = "1,2";
				TEST_HOST = "$(BUILT_PRODUCTS_DIR)/Baraka.app/$(BUNDLE_EXECUTABLE_FOLDER_PATH)/Baraka";
			};
			name = Release;
		};
		27D589062882F9DF0001D5E1 /* Debug */ = {
			isa = XCBuildConfiguration;
			buildSettings = {
				ALWAYS_EMBED_SWIFT_STANDARD_LIBRARIES = YES;
				CODE_SIGN_STYLE = Automatic;
				CURRENT_PROJECT_VERSION = 1;
				GENERATE_INFOPLIST_FILE = YES;
				MARKETING_VERSION = 1.0;
				PRODUCT_BUNDLE_IDENTIFIER = com.nouraraar.BarakaUITests;
				PRODUCT_NAME = "$(TARGET_NAME)";
				SWIFT_EMIT_LOC_STRINGS = NO;
				SWIFT_VERSION = 5.0;
				TARGETED_DEVICE_FAMILY = "1,2";
				TEST_TARGET_NAME = Baraka;
			};
			name = Debug;
		};
		27D589072882F9DF0001D5E1 /* Release */ = {
			isa = XCBuildConfiguration;
			buildSettings = {
				ALWAYS_EMBED_SWIFT_STANDARD_LIBRARIES = YES;
				CODE_SIGN_STYLE = Automatic;
				CURRENT_PROJECT_VERSION = 1;
				GENERATE_INFOPLIST_FILE = YES;
				MARKETING_VERSION = 1.0;
				PRODUCT_BUNDLE_IDENTIFIER = com.nouraraar.BarakaUITests;
				PRODUCT_NAME = "$(TARGET_NAME)";
				SWIFT_EMIT_LOC_STRINGS = NO;
				SWIFT_VERSION = 5.0;
				TARGETED_DEVICE_FAMILY = "1,2";
				TEST_TARGET_NAME = Baraka;
			};
			name = Release;
		};
/* End XCBuildConfiguration section */

/* Begin XCConfigurationList section */
		27D588D02882F9DC0001D5E1 /* Build configuration list for PBXProject "Baraka" */ = {
			isa = XCConfigurationList;
			buildConfigurations = (
				27D588FD2882F9DF0001D5E1 /* Debug */,
				27D588FE2882F9DF0001D5E1 /* Release */,
			);
			defaultConfigurationIsVisible = 0;
			defaultConfigurationName = Release;
		};
		27D588FF2882F9DF0001D5E1 /* Build configuration list for PBXNativeTarget "Baraka" */ = {
			isa = XCConfigurationList;
			buildConfigurations = (
				27D589002882F9DF0001D5E1 /* Debug */,
				27D589012882F9DF0001D5E1 /* Release */,
			);
			defaultConfigurationIsVisible = 0;
			defaultConfigurationName = Release;
		};
		27D589022882F9DF0001D5E1 /* Build configuration list for PBXNativeTarget "BarakaTests" */ = {
			isa = XCConfigurationList;
			buildConfigurations = (
				27D589032882F9DF0001D5E1 /* Debug */,
				27D589042882F9DF0001D5E1 /* Release */,
			);
			defaultConfigurationIsVisible = 0;
			defaultConfigurationName = Release;
		};
		27D589052882F9DF0001D5E1 /* Build configuration list for PBXNativeTarget "BarakaUITests" */ = {
			isa = XCConfigurationList;
			buildConfigurations = (
				27D589062882F9DF0001D5E1 /* Debug */,
				27D589072882F9DF0001D5E1 /* Release */,
			);
			defaultConfigurationIsVisible = 0;
			defaultConfigurationName = Release;
		};
/* End XCConfigurationList section */

/* Begin XCRemoteSwiftPackageReference section */
		27D5890B288305380001D5E1 /* XCRemoteSwiftPackageReference "SwiftCSV" */ = {
			isa = XCRemoteSwiftPackageReference;
			repositoryURL = "https://github.com/swiftcsv/SwiftCSV.git";
			requirement = {
				kind = upToNextMajorVersion;
				minimumVersion = 0.8.0;
			};
		};
/* End XCRemoteSwiftPackageReference section */

/* Begin XCSwiftPackageProductDependency section */
		27D5890C288305380001D5E1 /* SwiftCSV */ = {
			isa = XCSwiftPackageProductDependency;
			package = 27D5890B288305380001D5E1 /* XCRemoteSwiftPackageReference "SwiftCSV" */;
			productName = SwiftCSV;
		};
/* End XCSwiftPackageProductDependency section */
	};
	rootObject = 27D588CD2882F9DC0001D5E1 /* Project object */;
}
